
Microsoft Visual Studio Solution File, Format Version 12.00
# Visual Studio 15
VisualStudioVersion = 15.0.27428.2037
MinimumVisualStudioVersion = 10.0.40219.1
Project("{FAE04EC0-301F-11D3-BF4B-00C04F79EFBC}") = "MEDESYS", "MEDESYS.csproj", "{19055099-2DE0-4DCE-ABB6-E8482EFC4A20}"
EndProject
Global
	GlobalSection(SolutionConfigurationPlatforms) = preSolution
		Debug|Any CPU = Debug|Any CPU
		Release|Any CPU = Release|Any CPU
	EndGlobalSection
	GlobalSection(ProjectConfigurationPlatforms) = postSolution
		{19055099-2DE0-4DCE-ABB6-E8482EFC4A20}.Debug|Any CPU.ActiveCfg = Debug|Any CPU
		{19055099-2DE0-4DCE-ABB6-E8482EFC4A20}.Debug|Any CPU.Build.0 = Debug|Any CPU
		{19055099-2DE0-4DCE-ABB6-E8482EFC4A20}.Release|Any CPU.ActiveCfg = Release|Any CPU
		{19055099-2DE0-4DCE-ABB6-E8482EFC4A20}.Release|Any CPU.Build.0 = Release|Any CPU
	EndGlobalSection
	GlobalSection(SolutionProperties) = preSolution
		HideSolutionNode = FALSE
	EndGlobalSection
	GlobalSection(ExtensibilityGlobals) = postSolution
		SolutionGuid = {68876357-53AB-4E88-8FE9-97F92C920FEB}
	EndGlobalSection
EndGlobal
